
Microsoft Visual Studio Solution File, Format Version 12.00
# Visual Studio Version 17
VisualStudioVersion = 17.3.32901.215
MinimumVisualStudioVersion = 10.0.40219.1
Project("{9A19103F-16F7-4668-BE54-9A1E7A4F7556}") = "IMS_Universe", "CR\dotNET\IMS_Universe\IMS_Universe.csproj", "{B01A0503-E0A4-4110-BB4B-437CDFDDF5C3}"
EndProject
Project("{9A19103F-16F7-4668-BE54-9A1E7A4F7556}") = "ccLib_netCore", "CR\dotNET\ccLib_netCore\ccLib_netCore.csproj", "{287FCDFA-E62E-4EB8-8973-317785946BEA}"
EndProject
Project("{2150E333-8FDC-42A3-9474-1A3956D46DE8}") = "dotNET", "dotNET", "{5F38E482-AB87-4831-A3FE-D45EC869C45A}"
EndProject
Project("{2150E333-8FDC-42A3-9474-1A3956D46DE8}") = "ccOS", "ccOS", "{42795817-8963-48DC-9769-A192905DF72F}"
EndProject
Project("{2150E333-8FDC-42A3-9474-1A3956D46DE8}") = "ccNOos", "ccNOos", "{9EA7BB87-7BD7-4C70-8146-93C000A3F61A}"
EndProject
Project("{2150E333-8FDC-42A3-9474-1A3956D46DE8}") = "ccGripper", "ccGripper", "{421695FF-6617-4688-A3E0-8BFD688AB33E}"
EndProject
Project("{8BC9CEB8-8B4A-11D0-8D11-00A0C91BC942}") = "WIN32", "CR\Lib_GripperFW_Tests\WIN32\WIN32.vcxproj", "{A7CAA36D-CF8C-45B1-804F-07A7AA56B3FC}"
	ProjectSection(ProjectDependencies) = postProject
		{287FCDFA-E62E-4EB8-8973-317785946BEA} = {287FCDFA-E62E-4EB8-8973-317785946BEA}
		{8A884510-84E8-42F7-8671-80376F4B553E} = {8A884510-84E8-42F7-8671-80376F4B553E}
	EndProjectSection
EndProject
Project("{8BC9CEB8-8B4A-11D0-8D11-00A0C91BC942}") = "Teensy41", "CR\Lib_GripperFW_Tests\Teensy\Teensy41.vcxproj", "{046D2F19-0296-4C15-9935-2344342151F1}"
	ProjectSection(ProjectDependencies) = postProject
		{287FCDFA-E62E-4EB8-8973-317785946BEA} = {287FCDFA-E62E-4EB8-8973-317785946BEA}
		{8A884510-84E8-42F7-8671-80376F4B553E} = {8A884510-84E8-42F7-8671-80376F4B553E}
		{A7CAA36D-CF8C-45B1-804F-07A7AA56B3FC} = {A7CAA36D-CF8C-45B1-804F-07A7AA56B3FC}
	EndProjectSection
EndProject
Project("{9A19103F-16F7-4668-BE54-9A1E7A4F7556}") = "DeployProject", "CR\dotNET\DeployProject\DeployProject.csproj", "{8A884510-84E8-42F7-8671-80376F4B553E}"
EndProject
Global
	GlobalSection(SolutionConfigurationPlatforms) = preSolution
		ccNOos_SatComACS|Any CPU = ccNOos_SatComACS|Any CPU
		ccNOos_SatComACS|x64 = ccNOos_SatComACS|x64
		ccNOos_SatComACS|x86 = ccNOos_SatComACS|x86
		ccNOos_SysTick|Any CPU = ccNOos_SysTick|Any CPU
		ccNOos_SysTick|x64 = ccNOos_SysTick|x64
		ccNOos_SysTick|x86 = ccNOos_SysTick|x86
		ccNOos_Tests|Any CPU = ccNOos_Tests|Any CPU
		ccNOos_Tests|x64 = ccNOos_Tests|x64
		ccNOos_Tests|x86 = ccNOos_Tests|x86
		ccOS_ccACU|Any CPU = ccOS_ccACU|Any CPU
		ccOS_ccACU|x64 = ccOS_ccACU|x64
		ccOS_ccACU|x86 = ccOS_ccACU|x86
		ccOS_Tests|Any CPU = ccOS_Tests|Any CPU
		ccOS_Tests|x64 = ccOS_Tests|x64
		ccOS_Tests|x86 = ccOS_Tests|x86
		Debug|Any CPU = Debug|Any CPU
		Debug|x64 = Debug|x64
		Debug|x86 = Debug|x86
		Release|Any CPU = Release|Any CPU
		Release|x64 = Release|x64
		Release|x86 = Release|x86
	EndGlobalSection
	GlobalSection(ProjectConfigurationPlatforms) = postSolution
		{B01A0503-E0A4-4110-BB4B-437CDFDDF5C3}.ccNOos_SatComACS|Any CPU.ActiveCfg = ccNOos_SatComACS|Any CPU
		{B01A0503-E0A4-4110-BB4B-437CDFDDF5C3}.ccNOos_SatComACS|Any CPU.Build.0 = ccNOos_SatComACS|Any CPU
		{B01A0503-E0A4-4110-BB4B-437CDFDDF5C3}.ccNOos_SatComACS|x64.ActiveCfg = ccNOos_SatComACS|Any CPU
		{B01A0503-E0A4-4110-BB4B-437CDFDDF5C3}.ccNOos_SatComACS|x64.Build.0 = ccNOos_SatComACS|Any CPU
		{B01A0503-E0A4-4110-BB4B-437CDFDDF5C3}.ccNOos_SatComACS|x86.ActiveCfg = ccNOos_SatComACS|Any CPU
		{B01A0503-E0A4-4110-BB4B-437CDFDDF5C3}.ccNOos_SatComACS|x86.Build.0 = ccNOos_SatComACS|Any CPU
		{B01A0503-E0A4-4110-BB4B-437CDFDDF5C3}.ccNOos_SysTick|Any CPU.ActiveCfg = ccNOos_SysTick|Any CPU
		{B01A0503-E0A4-4110-BB4B-437CDFDDF5C3}.ccNOos_SysTick|Any CPU.Build.0 = ccNOos_SysTick|Any CPU
		{B01A0503-E0A4-4110-BB4B-437CDFDDF5C3}.ccNOos_SysTick|x64.ActiveCfg = ccNOos_SysTick|Any CPU
		{B01A0503-E0A4-4110-BB4B-437CDFDDF5C3}.ccNOos_SysTick|x64.Build.0 = ccNOos_SysTick|Any CPU
		{B01A0503-E0A4-4110-BB4B-437CDFDDF5C3}.ccNOos_SysTick|x86.ActiveCfg = ccNOos_SysTick|Any CPU
		{B01A0503-E0A4-4110-BB4B-437CDFDDF5C3}.ccNOos_SysTick|x86.Build.0 = ccNOos_SysTick|Any CPU
		{B01A0503-E0A4-4110-BB4B-437CDFDDF5C3}.ccNOos_Tests|Any CPU.ActiveCfg = ccNOos_Tests|Any CPU
		{B01A0503-E0A4-4110-BB4B-437CDFDDF5C3}.ccNOos_Tests|Any CPU.Build.0 = ccNOos_Tests|Any CPU
		{B01A0503-E0A4-4110-BB4B-437CDFDDF5C3}.ccNOos_Tests|x64.ActiveCfg = ccNOos_Tests|Any CPU
		{B01A0503-E0A4-4110-BB4B-437CDFDDF5C3}.ccNOos_Tests|x64.Build.0 = ccNOos_Tests|Any CPU
		{B01A0503-E0A4-4110-BB4B-437CDFDDF5C3}.ccNOos_Tests|x86.ActiveCfg = ccNOos_Tests|Any CPU
		{B01A0503-E0A4-4110-BB4B-437CDFDDF5C3}.ccNOos_Tests|x86.Build.0 = ccNOos_Tests|Any CPU
		{B01A0503-E0A4-4110-BB4B-437CDFDDF5C3}.ccOS_ccACU|Any CPU.ActiveCfg = ccOS_ccACU|Any CPU
		{B01A0503-E0A4-4110-BB4B-437CDFDDF5C3}.ccOS_ccACU|Any CPU.Build.0 = ccOS_ccACU|Any CPU
		{B01A0503-E0A4-4110-BB4B-437CDFDDF5C3}.ccOS_ccACU|x64.ActiveCfg = ccOS_ccACU|Any CPU
		{B01A0503-E0A4-4110-BB4B-437CDFDDF5C3}.ccOS_ccACU|x64.Build.0 = ccOS_ccACU|Any CPU
		{B01A0503-E0A4-4110-BB4B-437CDFDDF5C3}.ccOS_ccACU|x86.ActiveCfg = ccOS_ccACU|Any CPU
		{B01A0503-E0A4-4110-BB4B-437CDFDDF5C3}.ccOS_ccACU|x86.Build.0 = ccOS_ccACU|Any CPU
		{B01A0503-E0A4-4110-BB4B-437CDFDDF5C3}.ccOS_Tests|Any CPU.ActiveCfg = ccOS_Tests|Any CPU
		{B01A0503-E0A4-4110-BB4B-437CDFDDF5C3}.ccOS_Tests|Any CPU.Build.0 = ccOS_Tests|Any CPU
		{B01A0503-E0A4-4110-BB4B-437CDFDDF5C3}.ccOS_Tests|x64.ActiveCfg = ccOS_Tests|Any CPU
		{B01A0503-E0A4-4110-BB4B-437CDFDDF5C3}.ccOS_Tests|x64.Build.0 = ccOS_Tests|Any CPU
		{B01A0503-E0A4-4110-BB4B-437CDFDDF5C3}.ccOS_Tests|x86.ActiveCfg = ccOS_Tests|Any CPU
		{B01A0503-E0A4-4110-BB4B-437CDFDDF5C3}.ccOS_Tests|x86.Build.0 = ccOS_Tests|Any CPU
		{B01A0503-E0A4-4110-BB4B-437CDFDDF5C3}.Debug|Any CPU.ActiveCfg = Debug|Any CPU
		{B01A0503-E0A4-4110-BB4B-437CDFDDF5C3}.Debug|Any CPU.Build.0 = Debug|Any CPU
		{B01A0503-E0A4-4110-BB4B-437CDFDDF5C3}.Debug|x64.ActiveCfg = Debug|Any CPU
		{B01A0503-E0A4-4110-BB4B-437CDFDDF5C3}.Debug|x64.Build.0 = Debug|Any CPU
		{B01A0503-E0A4-4110-BB4B-437CDFDDF5C3}.Debug|x86.ActiveCfg = Debug|Any CPU
		{B01A0503-E0A4-4110-BB4B-437CDFDDF5C3}.Debug|x86.Build.0 = Debug|Any CPU
		{B01A0503-E0A4-4110-BB4B-437CDFDDF5C3}.Release|Any CPU.ActiveCfg = Release|Any CPU
		{B01A0503-E0A4-4110-BB4B-437CDFDDF5C3}.Release|Any CPU.Build.0 = Release|Any CPU
		{B01A0503-E0A4-4110-BB4B-437CDFDDF5C3}.Release|x64.ActiveCfg = Release|Any CPU
		{B01A0503-E0A4-4110-BB4B-437CDFDDF5C3}.Release|x64.Build.0 = Release|Any CPU
		{B01A0503-E0A4-4110-BB4B-437CDFDDF5C3}.Release|x86.ActiveCfg = Release|Any CPU
		{B01A0503-E0A4-4110-BB4B-437CDFDDF5C3}.Release|x86.Build.0 = Release|Any CPU
		{287FCDFA-E62E-4EB8-8973-317785946BEA}.ccNOos_SatComACS|Any CPU.ActiveCfg = ccNOos_SatComACS|Any CPU
		{287FCDFA-E62E-4EB8-8973-317785946BEA}.ccNOos_SatComACS|Any CPU.Build.0 = ccNOos_SatComACS|Any CPU
		{287FCDFA-E62E-4EB8-8973-317785946BEA}.ccNOos_SatComACS|x64.ActiveCfg = ccNOos_SatComACS|Any CPU
		{287FCDFA-E62E-4EB8-8973-317785946BEA}.ccNOos_SatComACS|x64.Build.0 = ccNOos_SatComACS|Any CPU
		{287FCDFA-E62E-4EB8-8973-317785946BEA}.ccNOos_SatComACS|x86.ActiveCfg = ccNOos_SatComACS|Any CPU
		{287FCDFA-E62E-4EB8-8973-317785946BEA}.ccNOos_SatComACS|x86.Build.0 = ccNOos_SatComACS|Any CPU
		{287FCDFA-E62E-4EB8-8973-317785946BEA}.ccNOos_SysTick|Any CPU.ActiveCfg = ccNOos_SysTick|Any CPU
		{287FCDFA-E62E-4EB8-8973-317785946BEA}.ccNOos_SysTick|Any CPU.Build.0 = ccNOos_SysTick|Any CPU
		{287FCDFA-E62E-4EB8-8973-317785946BEA}.ccNOos_SysTick|x64.ActiveCfg = ccNOos_SysTick|Any CPU
		{287FCDFA-E62E-4EB8-8973-317785946BEA}.ccNOos_SysTick|x64.Build.0 = ccNOos_SysTick|Any CPU
		{287FCDFA-E62E-4EB8-8973-317785946BEA}.ccNOos_SysTick|x86.ActiveCfg = ccNOos_SysTick|Any CPU
		{287FCDFA-E62E-4EB8-8973-317785946BEA}.ccNOos_SysTick|x86.Build.0 = ccNOos_SysTick|Any CPU
		{287FCDFA-E62E-4EB8-8973-317785946BEA}.ccNOos_Tests|Any CPU.ActiveCfg = ccNOos_Tests|Any CPU
		{287FCDFA-E62E-4EB8-8973-317785946BEA}.ccNOos_Tests|Any CPU.Build.0 = ccNOos_Tests|Any CPU
		{287FCDFA-E62E-4EB8-8973-317785946BEA}.ccNOos_Tests|x64.ActiveCfg = ccNOos_Tests|Any CPU
		{287FCDFA-E62E-4EB8-8973-317785946BEA}.ccNOos_Tests|x64.Build.0 = ccNOos_Tests|Any CPU
		{287FCDFA-E62E-4EB8-8973-317785946BEA}.ccNOos_Tests|x86.ActiveCfg = ccNOos_Tests|Any CPU
		{287FCDFA-E62E-4EB8-8973-317785946BEA}.ccNOos_Tests|x86.Build.0 = ccNOos_Tests|Any CPU
		{287FCDFA-E62E-4EB8-8973-317785946BEA}.ccOS_ccACU|Any CPU.ActiveCfg = ccOS_ccACU|Any CPU
		{287FCDFA-E62E-4EB8-8973-317785946BEA}.ccOS_ccACU|Any CPU.Build.0 = ccOS_ccACU|Any CPU
		{287FCDFA-E62E-4EB8-8973-317785946BEA}.ccOS_ccACU|x64.ActiveCfg = ccOS_ccACU|Any CPU
		{287FCDFA-E62E-4EB8-8973-317785946BEA}.ccOS_ccACU|x64.Build.0 = ccOS_ccACU|Any CPU
		{287FCDFA-E62E-4EB8-8973-317785946BEA}.ccOS_ccACU|x86.ActiveCfg = ccOS_ccACU|Any CPU
		{287FCDFA-E62E-4EB8-8973-317785946BEA}.ccOS_ccACU|x86.Build.0 = ccOS_ccACU|Any CPU
		{287FCDFA-E62E-4EB8-8973-317785946BEA}.ccOS_Tests|Any CPU.ActiveCfg = ccOS_Tests|Any CPU
		{287FCDFA-E62E-4EB8-8973-317785946BEA}.ccOS_Tests|Any CPU.Build.0 = ccOS_Tests|Any CPU
		{287FCDFA-E62E-4EB8-8973-317785946BEA}.ccOS_Tests|x64.ActiveCfg = ccOS_Tests|Any CPU
		{287FCDFA-E62E-4EB8-8973-317785946BEA}.ccOS_Tests|x64.Build.0 = ccOS_Tests|Any CPU
		{287FCDFA-E62E-4EB8-8973-317785946BEA}.ccOS_Tests|x86.ActiveCfg = ccOS_Tests|Any CPU
		{287FCDFA-E62E-4EB8-8973-317785946BEA}.ccOS_Tests|x86.Build.0 = ccOS_Tests|Any CPU
		{287FCDFA-E62E-4EB8-8973-317785946BEA}.Debug|Any CPU.ActiveCfg = Debug|Any CPU
		{287FCDFA-E62E-4EB8-8973-317785946BEA}.Debug|Any CPU.Build.0 = Debug|Any CPU
		{287FCDFA-E62E-4EB8-8973-317785946BEA}.Debug|x64.ActiveCfg = Debug|Any CPU
		{287FCDFA-E62E-4EB8-8973-317785946BEA}.Debug|x64.Build.0 = Debug|Any CPU
		{287FCDFA-E62E-4EB8-8973-317785946BEA}.Debug|x86.ActiveCfg = Debug|Any CPU
		{287FCDFA-E62E-4EB8-8973-317785946BEA}.Debug|x86.Build.0 = Debug|Any CPU
		{287FCDFA-E62E-4EB8-8973-317785946BEA}.Release|Any CPU.ActiveCfg = Release|Any CPU
		{287FCDFA-E62E-4EB8-8973-317785946BEA}.Release|Any CPU.Build.0 = Release|Any CPU
		{287FCDFA-E62E-4EB8-8973-317785946BEA}.Release|x64.ActiveCfg = Release|Any CPU
		{287FCDFA-E62E-4EB8-8973-317785946BEA}.Release|x64.Build.0 = Release|Any CPU
		{287FCDFA-E62E-4EB8-8973-317785946BEA}.Release|x86.ActiveCfg = Release|Any CPU
		{287FCDFA-E62E-4EB8-8973-317785946BEA}.Release|x86.Build.0 = Release|Any CPU
		{A7CAA36D-CF8C-45B1-804F-07A7AA56B3FC}.ccNOos_SatComACS|Any CPU.ActiveCfg = Debug|x64
		{A7CAA36D-CF8C-45B1-804F-07A7AA56B3FC}.ccNOos_SatComACS|Any CPU.Build.0 = Debug|x64
		{A7CAA36D-CF8C-45B1-804F-07A7AA56B3FC}.ccNOos_SatComACS|x64.ActiveCfg = Debug|x64
		{A7CAA36D-CF8C-45B1-804F-07A7AA56B3FC}.ccNOos_SatComACS|x64.Build.0 = Debug|x64
		{A7CAA36D-CF8C-45B1-804F-07A7AA56B3FC}.ccNOos_SatComACS|x86.ActiveCfg = Debug|Win32
		{A7CAA36D-CF8C-45B1-804F-07A7AA56B3FC}.ccNOos_SatComACS|x86.Build.0 = Debug|Win32
		{A7CAA36D-CF8C-45B1-804F-07A7AA56B3FC}.ccNOos_SysTick|Any CPU.ActiveCfg = Debug|x64
		{A7CAA36D-CF8C-45B1-804F-07A7AA56B3FC}.ccNOos_SysTick|Any CPU.Build.0 = Debug|x64
		{A7CAA36D-CF8C-45B1-804F-07A7AA56B3FC}.ccNOos_SysTick|x64.ActiveCfg = Debug|x64
		{A7CAA36D-CF8C-45B1-804F-07A7AA56B3FC}.ccNOos_SysTick|x64.Build.0 = Debug|x64
		{A7CAA36D-CF8C-45B1-804F-07A7AA56B3FC}.ccNOos_SysTick|x86.ActiveCfg = Debug|Win32
		{A7CAA36D-CF8C-45B1-804F-07A7AA56B3FC}.ccNOos_SysTick|x86.Build.0 = Debug|Win32
		{A7CAA36D-CF8C-45B1-804F-07A7AA56B3FC}.ccNOos_Tests|Any CPU.ActiveCfg = Debug|x64
		{A7CAA36D-CF8C-45B1-804F-07A7AA56B3FC}.ccNOos_Tests|Any CPU.Build.0 = Debug|x64
		{A7CAA36D-CF8C-45B1-804F-07A7AA56B3FC}.ccNOos_Tests|x64.ActiveCfg = Debug|x64
		{A7CAA36D-CF8C-45B1-804F-07A7AA56B3FC}.ccNOos_Tests|x64.Build.0 = Debug|x64
		{A7CAA36D-CF8C-45B1-804F-07A7AA56B3FC}.ccNOos_Tests|x86.ActiveCfg = Debug|Win32
		{A7CAA36D-CF8C-45B1-804F-07A7AA56B3FC}.ccNOos_Tests|x86.Build.0 = Debug|Win32
		{A7CAA36D-CF8C-45B1-804F-07A7AA56B3FC}.ccOS_ccACU|Any CPU.ActiveCfg = Debug|x64
		{A7CAA36D-CF8C-45B1-804F-07A7AA56B3FC}.ccOS_ccACU|Any CPU.Build.0 = Debug|x64
		{A7CAA36D-CF8C-45B1-804F-07A7AA56B3FC}.ccOS_ccACU|x64.ActiveCfg = Debug|x64
		{A7CAA36D-CF8C-45B1-804F-07A7AA56B3FC}.ccOS_ccACU|x64.Build.0 = Debug|x64
		{A7CAA36D-CF8C-45B1-804F-07A7AA56B3FC}.ccOS_ccACU|x86.ActiveCfg = Debug|Win32
		{A7CAA36D-CF8C-45B1-804F-07A7AA56B3FC}.ccOS_ccACU|x86.Build.0 = Debug|Win32
		{A7CAA36D-CF8C-45B1-804F-07A7AA56B3FC}.ccOS_Tests|Any CPU.ActiveCfg = Debug|x64
		{A7CAA36D-CF8C-45B1-804F-07A7AA56B3FC}.ccOS_Tests|Any CPU.Build.0 = Debug|x64
		{A7CAA36D-CF8C-45B1-804F-07A7AA56B3FC}.ccOS_Tests|x64.ActiveCfg = Debug|x64
		{A7CAA36D-CF8C-45B1-804F-07A7AA56B3FC}.ccOS_Tests|x64.Build.0 = Debug|x64
		{A7CAA36D-CF8C-45B1-804F-07A7AA56B3FC}.ccOS_Tests|x86.ActiveCfg = Debug|Win32
		{A7CAA36D-CF8C-45B1-804F-07A7AA56B3FC}.ccOS_Tests|x86.Build.0 = Debug|Win32
		{A7CAA36D-CF8C-45B1-804F-07A7AA56B3FC}.Debug|Any CPU.ActiveCfg = Debug|x64
		{A7CAA36D-CF8C-45B1-804F-07A7AA56B3FC}.Debug|Any CPU.Build.0 = Debug|x64
		{A7CAA36D-CF8C-45B1-804F-07A7AA56B3FC}.Debug|x64.ActiveCfg = Debug|x64
		{A7CAA36D-CF8C-45B1-804F-07A7AA56B3FC}.Debug|x64.Build.0 = Debug|x64
		{A7CAA36D-CF8C-45B1-804F-07A7AA56B3FC}.Debug|x86.ActiveCfg = Debug|Win32
		{A7CAA36D-CF8C-45B1-804F-07A7AA56B3FC}.Debug|x86.Build.0 = Debug|Win32
		{A7CAA36D-CF8C-45B1-804F-07A7AA56B3FC}.Release|Any CPU.ActiveCfg = Release|x64
		{A7CAA36D-CF8C-45B1-804F-07A7AA56B3FC}.Release|Any CPU.Build.0 = Release|x64
		{A7CAA36D-CF8C-45B1-804F-07A7AA56B3FC}.Release|x64.ActiveCfg = Release|x64
		{A7CAA36D-CF8C-45B1-804F-07A7AA56B3FC}.Release|x64.Build.0 = Release|x64
		{A7CAA36D-CF8C-45B1-804F-07A7AA56B3FC}.Release|x86.ActiveCfg = Release|Win32
		{A7CAA36D-CF8C-45B1-804F-07A7AA56B3FC}.Release|x86.Build.0 = Release|Win32
		{046D2F19-0296-4C15-9935-2344342151F1}.ccNOos_SatComACS|Any CPU.ActiveCfg = Debug|x64
		{046D2F19-0296-4C15-9935-2344342151F1}.ccNOos_SatComACS|Any CPU.Build.0 = Debug|x64
		{046D2F19-0296-4C15-9935-2344342151F1}.ccNOos_SatComACS|x64.ActiveCfg = Debug|x64
		{046D2F19-0296-4C15-9935-2344342151F1}.ccNOos_SatComACS|x64.Build.0 = Debug|x64
		{046D2F19-0296-4C15-9935-2344342151F1}.ccNOos_SatComACS|x86.ActiveCfg = Debug|Win32
		{046D2F19-0296-4C15-9935-2344342151F1}.ccNOos_SatComACS|x86.Build.0 = Debug|Win32
		{046D2F19-0296-4C15-9935-2344342151F1}.ccNOos_SysTick|Any CPU.ActiveCfg = Debug|x64
		{046D2F19-0296-4C15-9935-2344342151F1}.ccNOos_SysTick|Any CPU.Build.0 = Debug|x64
		{046D2F19-0296-4C15-9935-2344342151F1}.ccNOos_SysTick|x64.ActiveCfg = Debug|x64
		{046D2F19-0296-4C15-9935-2344342151F1}.ccNOos_SysTick|x64.Build.0 = Debug|x64
		{046D2F19-0296-4C15-9935-2344342151F1}.ccNOos_SysTick|x86.ActiveCfg = Debug|Win32
		{046D2F19-0296-4C15-9935-2344342151F1}.ccNOos_SysTick|x86.Build.0 = Debug|Win32
		{046D2F19-0296-4C15-9935-2344342151F1}.ccNOos_Tests|Any CPU.ActiveCfg = Debug|x64
		{046D2F19-0296-4C15-9935-2344342151F1}.ccNOos_Tests|Any CPU.Build.0 = Debug|x64
		{046D2F19-0296-4C15-9935-2344342151F1}.ccNOos_Tests|x64.ActiveCfg = Debug|x64
		{046D2F19-0296-4C15-9935-2344342151F1}.ccNOos_Tests|x64.Build.0 = Debug|x64
		{046D2F19-0296-4C15-9935-2344342151F1}.ccNOos_Tests|x86.ActiveCfg = Debug|Win32
		{046D2F19-0296-4C15-9935-2344342151F1}.ccNOos_Tests|x86.Build.0 = Debug|Win32
		{046D2F19-0296-4C15-9935-2344342151F1}.ccOS_ccACU|Any CPU.ActiveCfg = Debug|x64
		{046D2F19-0296-4C15-9935-2344342151F1}.ccOS_ccACU|Any CPU.Build.0 = Debug|x64
		{046D2F19-0296-4C15-9935-2344342151F1}.ccOS_ccACU|x64.ActiveCfg = Debug|x64
		{046D2F19-0296-4C15-9935-2344342151F1}.ccOS_ccACU|x64.Build.0 = Debug|x64
		{046D2F19-0296-4C15-9935-2344342151F1}.ccOS_ccACU|x86.ActiveCfg = Debug|Win32
		{046D2F19-0296-4C15-9935-2344342151F1}.ccOS_ccACU|x86.Build.0 = Debug|Win32
		{046D2F19-0296-4C15-9935-2344342151F1}.ccOS_Tests|Any CPU.ActiveCfg = Debug|x64
		{046D2F19-0296-4C15-9935-2344342151F1}.ccOS_Tests|Any CPU.Build.0 = Debug|x64
		{046D2F19-0296-4C15-9935-2344342151F1}.ccOS_Tests|x64.ActiveCfg = Debug|x64
		{046D2F19-0296-4C15-9935-2344342151F1}.ccOS_Tests|x64.Build.0 = Debug|x64
		{046D2F19-0296-4C15-9935-2344342151F1}.ccOS_Tests|x86.ActiveCfg = Debug|Win32
		{046D2F19-0296-4C15-9935-2344342151F1}.ccOS_Tests|x86.Build.0 = Debug|Win32
		{046D2F19-0296-4C15-9935-2344342151F1}.Debug|Any CPU.ActiveCfg = Debug|x64
		{046D2F19-0296-4C15-9935-2344342151F1}.Debug|Any CPU.Build.0 = Debug|x64
		{046D2F19-0296-4C15-9935-2344342151F1}.Debug|x64.ActiveCfg = Debug|x64
		{046D2F19-0296-4C15-9935-2344342151F1}.Debug|x64.Build.0 = Debug|x64
		{046D2F19-0296-4C15-9935-2344342151F1}.Debug|x86.ActiveCfg = Debug|Win32
		{046D2F19-0296-4C15-9935-2344342151F1}.Debug|x86.Build.0 = Debug|Win32
		{046D2F19-0296-4C15-9935-2344342151F1}.Release|Any CPU.ActiveCfg = Release|x64
		{046D2F19-0296-4C15-9935-2344342151F1}.Release|Any CPU.Build.0 = Release|x64
		{046D2F19-0296-4C15-9935-2344342151F1}.Release|x64.ActiveCfg = Release|x64
		{046D2F19-0296-4C15-9935-2344342151F1}.Release|x64.Build.0 = Release|x64
		{046D2F19-0296-4C15-9935-2344342151F1}.Release|x86.ActiveCfg = Release|Win32
		{046D2F19-0296-4C15-9935-2344342151F1}.Release|x86.Build.0 = Release|Win32
		{8A884510-84E8-42F7-8671-80376F4B553E}.ccNOos_SatComACS|Any CPU.ActiveCfg = Debug|Any CPU
		{8A884510-84E8-42F7-8671-80376F4B553E}.ccNOos_SatComACS|Any CPU.Build.0 = Debug|Any CPU
		{8A884510-84E8-42F7-8671-80376F4B553E}.ccNOos_SatComACS|x64.ActiveCfg = Debug|Any CPU
		{8A884510-84E8-42F7-8671-80376F4B553E}.ccNOos_SatComACS|x64.Build.0 = Debug|Any CPU
		{8A884510-84E8-42F7-8671-80376F4B553E}.ccNOos_SatComACS|x86.ActiveCfg = Debug|Any CPU
		{8A884510-84E8-42F7-8671-80376F4B553E}.ccNOos_SatComACS|x86.Build.0 = Debug|Any CPU
		{8A884510-84E8-42F7-8671-80376F4B553E}.ccNOos_SysTick|Any CPU.ActiveCfg = Debug|Any CPU
		{8A884510-84E8-42F7-8671-80376F4B553E}.ccNOos_SysTick|Any CPU.Build.0 = Debug|Any CPU
		{8A884510-84E8-42F7-8671-80376F4B553E}.ccNOos_SysTick|x64.ActiveCfg = Debug|Any CPU
		{8A884510-84E8-42F7-8671-80376F4B553E}.ccNOos_SysTick|x64.Build.0 = Debug|Any CPU
		{8A884510-84E8-42F7-8671-80376F4B553E}.ccNOos_SysTick|x86.ActiveCfg = Debug|Any CPU
		{8A884510-84E8-42F7-8671-80376F4B553E}.ccNOos_SysTick|x86.Build.0 = Debug|Any CPU
		{8A884510-84E8-42F7-8671-80376F4B553E}.ccNOos_Tests|Any CPU.ActiveCfg = Debug|Any CPU
		{8A884510-84E8-42F7-8671-80376F4B553E}.ccNOos_Tests|Any CPU.Build.0 = Debug|Any CPU
		{8A884510-84E8-42F7-8671-80376F4B553E}.ccNOos_Tests|x64.ActiveCfg = Debug|Any CPU
		{8A884510-84E8-42F7-8671-80376F4B553E}.ccNOos_Tests|x64.Build.0 = Debug|Any CPU
		{8A884510-84E8-42F7-8671-80376F4B553E}.ccNOos_Tests|x86.ActiveCfg = Debug|Any CPU
		{8A884510-84E8-42F7-8671-80376F4B553E}.ccNOos_Tests|x86.Build.0 = Debug|Any CPU
		{8A884510-84E8-42F7-8671-80376F4B553E}.ccOS_ccACU|Any CPU.ActiveCfg = Debug|Any CPU
		{8A884510-84E8-42F7-8671-80376F4B553E}.ccOS_ccACU|Any CPU.Build.0 = Debug|Any CPU
		{8A884510-84E8-42F7-8671-80376F4B553E}.ccOS_ccACU|x64.ActiveCfg = Debug|Any CPU
		{8A884510-84E8-42F7-8671-80376F4B553E}.ccOS_ccACU|x64.Build.0 = Debug|Any CPU
		{8A884510-84E8-42F7-8671-80376F4B553E}.ccOS_ccACU|x86.ActiveCfg = Debug|Any CPU
		{8A884510-84E8-42F7-8671-80376F4B553E}.ccOS_ccACU|x86.Build.0 = Debug|Any CPU
		{8A884510-84E8-42F7-8671-80376F4B553E}.ccOS_Tests|Any CPU.ActiveCfg = Debug|Any CPU
		{8A884510-84E8-42F7-8671-80376F4B553E}.ccOS_Tests|Any CPU.Build.0 = Debug|Any CPU
		{8A884510-84E8-42F7-8671-80376F4B553E}.ccOS_Tests|x64.ActiveCfg = Debug|Any CPU
		{8A884510-84E8-42F7-8671-80376F4B553E}.ccOS_Tests|x64.Build.0 = Debug|Any CPU
		{8A884510-84E8-42F7-8671-80376F4B553E}.ccOS_Tests|x86.ActiveCfg = Debug|Any CPU
		{8A884510-84E8-42F7-8671-80376F4B553E}.ccOS_Tests|x86.Build.0 = Debug|Any CPU
		{8A884510-84E8-42F7-8671-80376F4B553E}.Debug|Any CPU.ActiveCfg = Debug|Any CPU
		{8A884510-84E8-42F7-8671-80376F4B553E}.Debug|Any CPU.Build.0 = Debug|Any CPU
		{8A884510-84E8-42F7-8671-80376F4B553E}.Debug|x64.ActiveCfg = Debug|Any CPU
		{8A884510-84E8-42F7-8671-80376F4B553E}.Debug|x64.Build.0 = Debug|Any CPU
		{8A884510-84E8-42F7-8671-80376F4B553E}.Debug|x86.ActiveCfg = Debug|Any CPU
		{8A884510-84E8-42F7-8671-80376F4B553E}.Debug|x86.Build.0 = Debug|Any CPU
		{8A884510-84E8-42F7-8671-80376F4B553E}.Release|Any CPU.ActiveCfg = Release|Any CPU
		{8A884510-84E8-42F7-8671-80376F4B553E}.Release|Any CPU.Build.0 = Release|Any CPU
		{8A884510-84E8-42F7-8671-80376F4B553E}.Release|x64.ActiveCfg = Release|Any CPU
		{8A884510-84E8-42F7-8671-80376F4B553E}.Release|x64.Build.0 = Release|Any CPU
		{8A884510-84E8-42F7-8671-80376F4B553E}.Release|x86.ActiveCfg = Release|Any CPU
		{8A884510-84E8-42F7-8671-80376F4B553E}.Release|x86.Build.0 = Release|Any CPU
	EndGlobalSection
	GlobalSection(SolutionProperties) = preSolution
		HideSolutionNode = FALSE
	EndGlobalSection
	GlobalSection(NestedProjects) = preSolution
		{B01A0503-E0A4-4110-BB4B-437CDFDDF5C3} = {5F38E482-AB87-4831-A3FE-D45EC869C45A}
		{287FCDFA-E62E-4EB8-8973-317785946BEA} = {5F38E482-AB87-4831-A3FE-D45EC869C45A}
		{A7CAA36D-CF8C-45B1-804F-07A7AA56B3FC} = {421695FF-6617-4688-A3E0-8BFD688AB33E}
		{046D2F19-0296-4C15-9935-2344342151F1} = {421695FF-6617-4688-A3E0-8BFD688AB33E}
		{8A884510-84E8-42F7-8671-80376F4B553E} = {5F38E482-AB87-4831-A3FE-D45EC869C45A}
	EndGlobalSection
	GlobalSection(ExtensibilityGlobals) = postSolution
		SolutionGuid = {4B0204A9-2FD7-4E82-B96E-AE4D126379DA}
	EndGlobalSection
EndGlobal
